
Microsoft Visual Studio Solution File, Format Version 12.00
# Visual Studio 2013
VisualStudioVersion = 12.0.21005.1
MinimumVisualStudioVersion = 10.0.40219.1
Project("{FAE04EC0-301F-11D3-BF4B-00C04F79EFBC}") = "CWLOTPH.DataObject", "CWLOTPH.DataObject\CWLOTPH.DataObject.csproj", "{9F34CB9B-C98D-431A-8288-CE13A85362C2}"
EndProject
Project("{FAE04EC0-301F-11D3-BF4B-00C04F79EFBC}") = "CWLOTPH.DB", "CWLOTPH.DB\CWLOTPH.DB.csproj", "{2E33BA67-4A3C-48B7-9DA3-3ABAE886BE06}"
EndProject
Project("{FAE04EC0-301F-11D3-BF4B-00C04F79EFBC}") = "CWLOTPH.Process", "CWOLTPH.Process\CWLOTPH.Process.csproj", "{C4FE7AE3-5E07-41D1-BB7B-C1AB7321890B}"
	ProjectSection(ProjectDependencies) = postProject
		{2BB459E7-8FA5-4426-81D5-E71604D1850B} = {2BB459E7-8FA5-4426-81D5-E71604D1850B}
	EndProjectSection
EndProject
Project("{FAE04EC0-301F-11D3-BF4B-00C04F79EFBC}") = "CWLOTPH.UnitTesting", "CWLOTPH.UnitTesting\CWLOTPH.UnitTesting.csproj", "{3B1E63A8-3386-4834-840E-442C928D24EC}"
EndProject
Project("{8BC9CEB8-8B4A-11D0-8D11-00A0C91BC942}") = "CWLOTPH.ProcessingCore", "jsoncpp-src-0.6.0-rc2\makefiles\vs71\jsontest.vcxproj", "{25AF2DD2-D396-4668-B188-488C33B8E620}"
EndProject
Project("{FAE04EC0-301F-11D3-BF4B-00C04F79EFBC}") = "CWLOTPH.Visuality", "CWLOTPH.Visuality\CWLOTPH.Visuality.csproj", "{2BB459E7-8FA5-4426-81D5-E71604D1850B}"
	ProjectSection(ProjectDependencies) = postProject
		{9F34CB9B-C98D-431A-8288-CE13A85362C2} = {9F34CB9B-C98D-431A-8288-CE13A85362C2}
	EndProjectSection
EndProject
Project("{FAE04EC0-301F-11D3-BF4B-00C04F79EFBC}") = "CWLOTPH.Visuality.Logon", "CWLOTPH.Visuality.Logon\CWLOTPH.Visuality.Logon.csproj", "{359BC125-DD04-4992-B9EF-FDF1E58976DB}"
	ProjectSection(ProjectDependencies) = postProject
		{2E33BA67-4A3C-48B7-9DA3-3ABAE886BE06} = {2E33BA67-4A3C-48B7-9DA3-3ABAE886BE06}
		{C4FE7AE3-5E07-41D1-BB7B-C1AB7321890B} = {C4FE7AE3-5E07-41D1-BB7B-C1AB7321890B}
		{2BB459E7-8FA5-4426-81D5-E71604D1850B} = {2BB459E7-8FA5-4426-81D5-E71604D1850B}
	EndProjectSection
EndProject
Global
	GlobalSection(SolutionConfigurationPlatforms) = preSolution
		Debug|Any CPU = Debug|Any CPU
		Debug|Mixed Platforms = Debug|Mixed Platforms
		Debug|Win32 = Debug|Win32
		dummy|Any CPU = dummy|Any CPU
		dummy|Mixed Platforms = dummy|Mixed Platforms
		dummy|Win32 = dummy|Win32
		Release|Any CPU = Release|Any CPU
		Release|Mixed Platforms = Release|Mixed Platforms
		Release|Win32 = Release|Win32
	EndGlobalSection
	GlobalSection(ProjectConfigurationPlatforms) = postSolution
		{9F34CB9B-C98D-431A-8288-CE13A85362C2}.Debug|Any CPU.ActiveCfg = Debug|Any CPU
		{9F34CB9B-C98D-431A-8288-CE13A85362C2}.Debug|Any CPU.Build.0 = Debug|Any CPU
		{9F34CB9B-C98D-431A-8288-CE13A85362C2}.Debug|Mixed Platforms.ActiveCfg = Debug|Any CPU
		{9F34CB9B-C98D-431A-8288-CE13A85362C2}.Debug|Mixed Platforms.Build.0 = Debug|Any CPU
		{9F34CB9B-C98D-431A-8288-CE13A85362C2}.Debug|Win32.ActiveCfg = Debug|Any CPU
		{9F34CB9B-C98D-431A-8288-CE13A85362C2}.dummy|Any CPU.ActiveCfg = Debug|Any CPU
		{9F34CB9B-C98D-431A-8288-CE13A85362C2}.dummy|Any CPU.Build.0 = Debug|Any CPU
		{9F34CB9B-C98D-431A-8288-CE13A85362C2}.dummy|Mixed Platforms.ActiveCfg = Debug|Any CPU
		{9F34CB9B-C98D-431A-8288-CE13A85362C2}.dummy|Mixed Platforms.Build.0 = Debug|Any CPU
		{9F34CB9B-C98D-431A-8288-CE13A85362C2}.dummy|Win32.ActiveCfg = Debug|Any CPU
		{9F34CB9B-C98D-431A-8288-CE13A85362C2}.Release|Any CPU.ActiveCfg = Release|Any CPU
		{9F34CB9B-C98D-431A-8288-CE13A85362C2}.Release|Any CPU.Build.0 = Release|Any CPU
		{9F34CB9B-C98D-431A-8288-CE13A85362C2}.Release|Mixed Platforms.ActiveCfg = Release|Any CPU
		{9F34CB9B-C98D-431A-8288-CE13A85362C2}.Release|Mixed Platforms.Build.0 = Release|Any CPU
		{9F34CB9B-C98D-431A-8288-CE13A85362C2}.Release|Win32.ActiveCfg = Release|Any CPU
		{2E33BA67-4A3C-48B7-9DA3-3ABAE886BE06}.Debug|Any CPU.ActiveCfg = Debug|Any CPU
		{2E33BA67-4A3C-48B7-9DA3-3ABAE886BE06}.Debug|Any CPU.Build.0 = Debug|Any CPU
		{2E33BA67-4A3C-48B7-9DA3-3ABAE886BE06}.Debug|Mixed Platforms.ActiveCfg = Debug|Any CPU
		{2E33BA67-4A3C-48B7-9DA3-3ABAE886BE06}.Debug|Mixed Platforms.Build.0 = Debug|Any CPU
		{2E33BA67-4A3C-48B7-9DA3-3ABAE886BE06}.Debug|Win32.ActiveCfg = Debug|Any CPU
		{2E33BA67-4A3C-48B7-9DA3-3ABAE886BE06}.dummy|Any CPU.ActiveCfg = Debug|Any CPU
		{2E33BA67-4A3C-48B7-9DA3-3ABAE886BE06}.dummy|Any CPU.Build.0 = Debug|Any CPU
		{2E33BA67-4A3C-48B7-9DA3-3ABAE886BE06}.dummy|Mixed Platforms.ActiveCfg = Debug|Any CPU
		{2E33BA67-4A3C-48B7-9DA3-3ABAE886BE06}.dummy|Mixed Platforms.Build.0 = Debug|Any CPU
		{2E33BA67-4A3C-48B7-9DA3-3ABAE886BE06}.dummy|Win32.ActiveCfg = Debug|Any CPU
		{2E33BA67-4A3C-48B7-9DA3-3ABAE886BE06}.Release|Any CPU.ActiveCfg = Release|Any CPU
		{2E33BA67-4A3C-48B7-9DA3-3ABAE886BE06}.Release|Any CPU.Build.0 = Release|Any CPU
		{2E33BA67-4A3C-48B7-9DA3-3ABAE886BE06}.Release|Mixed Platforms.ActiveCfg = Release|Any CPU
		{2E33BA67-4A3C-48B7-9DA3-3ABAE886BE06}.Release|Mixed Platforms.Build.0 = Release|Any CPU
		{2E33BA67-4A3C-48B7-9DA3-3ABAE886BE06}.Release|Win32.ActiveCfg = Release|Any CPU
		{C4FE7AE3-5E07-41D1-BB7B-C1AB7321890B}.Debug|Any CPU.ActiveCfg = Debug|Any CPU
		{C4FE7AE3-5E07-41D1-BB7B-C1AB7321890B}.Debug|Any CPU.Build.0 = Debug|Any CPU
		{C4FE7AE3-5E07-41D1-BB7B-C1AB7321890B}.Debug|Mixed Platforms.ActiveCfg = Debug|Any CPU
		{C4FE7AE3-5E07-41D1-BB7B-C1AB7321890B}.Debug|Mixed Platforms.Build.0 = Debug|Any CPU
		{C4FE7AE3-5E07-41D1-BB7B-C1AB7321890B}.Debug|Win32.ActiveCfg = Debug|Any CPU
		{C4FE7AE3-5E07-41D1-BB7B-C1AB7321890B}.dummy|Any CPU.ActiveCfg = Debug|Any CPU
		{C4FE7AE3-5E07-41D1-BB7B-C1AB7321890B}.dummy|Any CPU.Build.0 = Debug|Any CPU
		{C4FE7AE3-5E07-41D1-BB7B-C1AB7321890B}.dummy|Mixed Platforms.ActiveCfg = Debug|Any CPU
		{C4FE7AE3-5E07-41D1-BB7B-C1AB7321890B}.dummy|Mixed Platforms.Build.0 = Debug|Any CPU
		{C4FE7AE3-5E07-41D1-BB7B-C1AB7321890B}.dummy|Win32.ActiveCfg = Debug|Any CPU
		{C4FE7AE3-5E07-41D1-BB7B-C1AB7321890B}.Release|Any CPU.ActiveCfg = Release|Any CPU
		{C4FE7AE3-5E07-41D1-BB7B-C1AB7321890B}.Release|Any CPU.Build.0 = Release|Any CPU
		{C4FE7AE3-5E07-41D1-BB7B-C1AB7321890B}.Release|Mixed Platforms.ActiveCfg = Release|Any CPU
		{C4FE7AE3-5E07-41D1-BB7B-C1AB7321890B}.Release|Mixed Platforms.Build.0 = Release|Any CPU
		{C4FE7AE3-5E07-41D1-BB7B-C1AB7321890B}.Release|Win32.ActiveCfg = Release|Any CPU
		{3B1E63A8-3386-4834-840E-442C928D24EC}.Debug|Any CPU.ActiveCfg = Debug|Any CPU
		{3B1E63A8-3386-4834-840E-442C928D24EC}.Debug|Any CPU.Build.0 = Debug|Any CPU
		{3B1E63A8-3386-4834-840E-442C928D24EC}.Debug|Mixed Platforms.ActiveCfg = Debug|Any CPU
		{3B1E63A8-3386-4834-840E-442C928D24EC}.Debug|Mixed Platforms.Build.0 = Debug|Any CPU
		{3B1E63A8-3386-4834-840E-442C928D24EC}.Debug|Win32.ActiveCfg = Debug|Any CPU
		{3B1E63A8-3386-4834-840E-442C928D24EC}.dummy|Any CPU.ActiveCfg = Debug|Any CPU
		{3B1E63A8-3386-4834-840E-442C928D24EC}.dummy|Any CPU.Build.0 = Debug|Any CPU
		{3B1E63A8-3386-4834-840E-442C928D24EC}.dummy|Mixed Platforms.ActiveCfg = Debug|Any CPU
		{3B1E63A8-3386-4834-840E-442C928D24EC}.dummy|Mixed Platforms.Build.0 = Debug|Any CPU
		{3B1E63A8-3386-4834-840E-442C928D24EC}.dummy|Win32.ActiveCfg = Debug|Any CPU
		{3B1E63A8-3386-4834-840E-442C928D24EC}.Release|Any CPU.ActiveCfg = Release|Any CPU
		{3B1E63A8-3386-4834-840E-442C928D24EC}.Release|Any CPU.Build.0 = Release|Any CPU
		{3B1E63A8-3386-4834-840E-442C928D24EC}.Release|Mixed Platforms.ActiveCfg = Release|Any CPU
		{3B1E63A8-3386-4834-840E-442C928D24EC}.Release|Mixed Platforms.Build.0 = Release|Any CPU
		{3B1E63A8-3386-4834-840E-442C928D24EC}.Release|Win32.ActiveCfg = Release|Any CPU
		{25AF2DD2-D396-4668-B188-488C33B8E620}.Debug|Any CPU.ActiveCfg = Debug|Win32
		{25AF2DD2-D396-4668-B188-488C33B8E620}.Debug|Mixed Platforms.ActiveCfg = Debug|Win32
		{25AF2DD2-D396-4668-B188-488C33B8E620}.Debug|Mixed Platforms.Build.0 = Debug|Win32
		{25AF2DD2-D396-4668-B188-488C33B8E620}.Debug|Win32.ActiveCfg = Debug|Win32
		{25AF2DD2-D396-4668-B188-488C33B8E620}.Debug|Win32.Build.0 = Debug|Win32
		{25AF2DD2-D396-4668-B188-488C33B8E620}.dummy|Any CPU.ActiveCfg = Debug|Win32
		{25AF2DD2-D396-4668-B188-488C33B8E620}.dummy|Mixed Platforms.ActiveCfg = Debug|Win32
		{25AF2DD2-D396-4668-B188-488C33B8E620}.dummy|Mixed Platforms.Build.0 = Debug|Win32
		{25AF2DD2-D396-4668-B188-488C33B8E620}.dummy|Win32.ActiveCfg = Debug|Win32
		{25AF2DD2-D396-4668-B188-488C33B8E620}.dummy|Win32.Build.0 = Debug|Win32
		{25AF2DD2-D396-4668-B188-488C33B8E620}.Release|Any CPU.ActiveCfg = Release|Win32
		{25AF2DD2-D396-4668-B188-488C33B8E620}.Release|Mixed Platforms.ActiveCfg = Release|Win32
		{25AF2DD2-D396-4668-B188-488C33B8E620}.Release|Mixed Platforms.Build.0 = Release|Win32
		{25AF2DD2-D396-4668-B188-488C33B8E620}.Release|Win32.ActiveCfg = Release|Win32
		{25AF2DD2-D396-4668-B188-488C33B8E620}.Release|Win32.Build.0 = Release|Win32
		{2BB459E7-8FA5-4426-81D5-E71604D1850B}.Debug|Any CPU.ActiveCfg = Debug|Any CPU
		{2BB459E7-8FA5-4426-81D5-E71604D1850B}.Debug|Any CPU.Build.0 = Debug|Any CPU
		{2BB459E7-8FA5-4426-81D5-E71604D1850B}.Debug|Mixed Platforms.ActiveCfg = Debug|Any CPU
		{2BB459E7-8FA5-4426-81D5-E71604D1850B}.Debug|Mixed Platforms.Build.0 = Debug|Any CPU
		{2BB459E7-8FA5-4426-81D5-E71604D1850B}.Debug|Win32.ActiveCfg = Debug|Any CPU
		{2BB459E7-8FA5-4426-81D5-E71604D1850B}.dummy|Any CPU.ActiveCfg = Debug|Any CPU
		{2BB459E7-8FA5-4426-81D5-E71604D1850B}.dummy|Any CPU.Build.0 = Debug|Any CPU
		{2BB459E7-8FA5-4426-81D5-E71604D1850B}.dummy|Mixed Platforms.ActiveCfg = Debug|Any CPU
		{2BB459E7-8FA5-4426-81D5-E71604D1850B}.dummy|Mixed Platforms.Build.0 = Debug|Any CPU
		{2BB459E7-8FA5-4426-81D5-E71604D1850B}.dummy|Win32.ActiveCfg = Debug|Any CPU
		{2BB459E7-8FA5-4426-81D5-E71604D1850B}.Release|Any CPU.ActiveCfg = Release|Any CPU
		{2BB459E7-8FA5-4426-81D5-E71604D1850B}.Release|Any CPU.Build.0 = Release|Any CPU
		{2BB459E7-8FA5-4426-81D5-E71604D1850B}.Release|Mixed Platforms.ActiveCfg = Release|Any CPU
		{2BB459E7-8FA5-4426-81D5-E71604D1850B}.Release|Mixed Platforms.Build.0 = Release|Any CPU
		{2BB459E7-8FA5-4426-81D5-E71604D1850B}.Release|Win32.ActiveCfg = Release|Any CPU
		{359BC125-DD04-4992-B9EF-FDF1E58976DB}.Debug|Any CPU.ActiveCfg = Debug|Any CPU
		{359BC125-DD04-4992-B9EF-FDF1E58976DB}.Debug|Any CPU.Build.0 = Debug|Any CPU
		{359BC125-DD04-4992-B9EF-FDF1E58976DB}.Debug|Mixed Platforms.ActiveCfg = Debug|Any CPU
		{359BC125-DD04-4992-B9EF-FDF1E58976DB}.Debug|Mixed Platforms.Build.0 = Debug|Any CPU
		{359BC125-DD04-4992-B9EF-FDF1E58976DB}.Debug|Win32.ActiveCfg = Debug|Any CPU
		{359BC125-DD04-4992-B9EF-FDF1E58976DB}.dummy|Any CPU.ActiveCfg = Debug|Any CPU
		{359BC125-DD04-4992-B9EF-FDF1E58976DB}.dummy|Any CPU.Build.0 = Debug|Any CPU
		{359BC125-DD04-4992-B9EF-FDF1E58976DB}.dummy|Mixed Platforms.ActiveCfg = Debug|Any CPU
		{359BC125-DD04-4992-B9EF-FDF1E58976DB}.dummy|Mixed Platforms.Build.0 = Debug|Any CPU
		{359BC125-DD04-4992-B9EF-FDF1E58976DB}.dummy|Win32.ActiveCfg = Debug|Any CPU
		{359BC125-DD04-4992-B9EF-FDF1E58976DB}.Release|Any CPU.ActiveCfg = Release|Any CPU
		{359BC125-DD04-4992-B9EF-FDF1E58976DB}.Release|Any CPU.Build.0 = Release|Any CPU
		{359BC125-DD04-4992-B9EF-FDF1E58976DB}.Release|Mixed Platforms.ActiveCfg = Release|Any CPU
		{359BC125-DD04-4992-B9EF-FDF1E58976DB}.Release|Mixed Platforms.Build.0 = Release|Any CPU
		{359BC125-DD04-4992-B9EF-FDF1E58976DB}.Release|Win32.ActiveCfg = Release|Any CPU
	EndGlobalSection
	GlobalSection(SolutionProperties) = preSolution
		HideSolutionNode = FALSE
	EndGlobalSection
EndGlobal
